// !$*UTF8*$!
{
	archiveVersion = 1;
	classes = {
	};
	objectVersion = 55;
	objects = {

/* Begin PBXBuildFile section */
		9533A9D32867992600C52CFF /* Constants.swift in Sources */ = {isa = PBXBuildFile; fileRef = 9533A9D22867992600C52CFF /* Constants.swift */; };
		9534282328665125000DD6A7 /* Orientation.swift in Sources */ = {isa = PBXBuildFile; fileRef = 9534282228665125000DD6A7 /* Orientation.swift */; };
		9534282628665F03000DD6A7 /* DeviceKit in Frameworks */ = {isa = PBXBuildFile; productRef = 9534282528665F03000DD6A7 /* DeviceKit */; };
		95A1D7B8285E821400C4561D /* AppDelegate.swift in Sources */ = {isa = PBXBuildFile; fileRef = 95A1D7B7285E821400C4561D /* AppDelegate.swift */; };
		95A1D7BA285E821400C4561D /* SceneDelegate.swift in Sources */ = {isa = PBXBuildFile; fileRef = 95A1D7B9285E821400C4561D /* SceneDelegate.swift */; };
		95A1D7BC285E821400C4561D /* ViewController.swift in Sources */ = {isa = PBXBuildFile; fileRef = 95A1D7BB285E821400C4561D /* ViewController.swift */; };
		95A1D7BF285E821400C4561D /* Main.storyboard in Resources */ = {isa = PBXBuildFile; fileRef = 95A1D7BD285E821400C4561D /* Main.storyboard */; };
		95A1D7C4285E821700C4561D /* LaunchScreen.storyboard in Resources */ = {isa = PBXBuildFile; fileRef = 95A1D7C2285E821700C4561D /* LaunchScreen.storyboard */; };
		95EAED7328677FBC00DECC22 /* Assets.xcassets in Resources */ = {isa = PBXBuildFile; fileRef = 95EAED7228677FBC00DECC22 /* Assets.xcassets */; };
/* End PBXBuildFile section */

/* Begin PBXFileReference section */
		9533A9D22867992600C52CFF /* Constants.swift */ = {isa = PBXFileReference; lastKnownFileType = sourcecode.swift; path = Constants.swift; sourceTree = "<group>"; };
		9534282228665125000DD6A7 /* Orientation.swift */ = {isa = PBXFileReference; lastKnownFileType = sourcecode.swift; path = Orientation.swift; sourceTree = "<group>"; };
		95A1D7B4285E821400C4561D /* VideoGameTracker.app */ = {isa = PBXFileReference; explicitFileType = wrapper.application; includeInIndex = 0; path = VideoGameTracker.app; sourceTree = BUILT_PRODUCTS_DIR; };
		95A1D7B7285E821400C4561D /* AppDelegate.swift */ = {isa = PBXFileReference; lastKnownFileType = sourcecode.swift; path = AppDelegate.swift; sourceTree = "<group>"; };
		95A1D7B9285E821400C4561D /* SceneDelegate.swift */ = {isa = PBXFileReference; lastKnownFileType = sourcecode.swift; path = SceneDelegate.swift; sourceTree = "<group>"; };
		95A1D7BB285E821400C4561D /* ViewController.swift */ = {isa = PBXFileReference; lastKnownFileType = sourcecode.swift; path = ViewController.swift; sourceTree = "<group>"; };
		95A1D7BE285E821400C4561D /* Base */ = {isa = PBXFileReference; lastKnownFileType = file.storyboard; name = Base; path = Base.lproj/Main.storyboard; sourceTree = "<group>"; };
		95A1D7C3285E821700C4561D /* Base */ = {isa = PBXFileReference; lastKnownFileType = file.storyboard; name = Base; path = Base.lproj/LaunchScreen.storyboard; sourceTree = "<group>"; };
		95A1D7C5285E821700C4561D /* Info.plist */ = {isa = PBXFileReference; lastKnownFileType = text.plist.xml; path = Info.plist; sourceTree = "<group>"; };
		95EAED7228677FBC00DECC22 /* Assets.xcassets */ = {isa = PBXFileReference; lastKnownFileType = folder.assetcatalog; path = Assets.xcassets; sourceTree = "<group>"; };
/* End PBXFileReference section */

/* Begin PBXFrameworksBuildPhase section */
		95A1D7B1285E821400C4561D /* Frameworks */ = {
			isa = PBXFrameworksBuildPhase;
			buildActionMask = 2147483647;
			files = (
				9534282628665F03000DD6A7 /* DeviceKit in Frameworks */,
			);
			runOnlyForDeploymentPostprocessing = 0;
		};
/* End PBXFrameworksBuildPhase section */

/* Begin PBXGroup section */
		953428212866510D000DD6A7 /* Utility */ = {
			isa = PBXGroup;
			children = (
				9534282228665125000DD6A7 /* Orientation.swift */,
			);
			path = Utility;
			sourceTree = "<group>";
		};
		95A1D7AB285E821400C4561D = {
			isa = PBXGroup;
			children = (
				95A1D7B6285E821400C4561D /* VideoGameTracker */,
				95A1D7B5285E821400C4561D /* Products */,
			);
			sourceTree = "<group>";
		};
		95A1D7B5285E821400C4561D /* Products */ = {
			isa = PBXGroup;
			children = (
				95A1D7B4285E821400C4561D /* VideoGameTracker.app */,
			);
			name = Products;
			sourceTree = "<group>";
		};
		95A1D7B6285E821400C4561D /* VideoGameTracker */ = {
			isa = PBXGroup;
			children = (
				953428212866510D000DD6A7 /* Utility */,
				95A1D7B7285E821400C4561D /* AppDelegate.swift */,
				95A1D7B9285E821400C4561D /* SceneDelegate.swift */,
				95A1D7BB285E821400C4561D /* ViewController.swift */,
				95A1D7BD285E821400C4561D /* Main.storyboard */,
				95A1D7C2285E821700C4561D /* LaunchScreen.storyboard */,
				95EAED7228677FBC00DECC22 /* Assets.xcassets */,
				95A1D7C5285E821700C4561D /* Info.plist */,
				9533A9D22867992600C52CFF /* Constants.swift */,
			);
			path = VideoGameTracker;
			sourceTree = "<group>";
		};
/* End PBXGroup section */

/* Begin PBXNativeTarget section */
		95A1D7B3285E821400C4561D /* VideoGameTracker */ = {
			isa = PBXNativeTarget;
			buildConfigurationList = 95A1D7C8285E821700C4561D /* Build configuration list for PBXNativeTarget "VideoGameTracker" */;
			buildPhases = (
				95A1D7B0285E821400C4561D /* Sources */,
				95A1D7B1285E821400C4561D /* Frameworks */,
				95A1D7B2285E821400C4561D /* Resources */,
			);
			buildRules = (
			);
			dependencies = (
			);
			name = VideoGameTracker;
			packageProductDependencies = (
				9534282528665F03000DD6A7 /* DeviceKit */,
			);
			productName = VideoGameTracker;
			productReference = 95A1D7B4285E821400C4561D /* VideoGameTracker.app */;
			productType = "com.apple.product-type.application";
		};
/* End PBXNativeTarget section */

/* Begin PBXProject section */
		95A1D7AC285E821400C4561D /* Project object */ = {
			isa = PBXProject;
			attributes = {
				BuildIndependentTargetsInParallel = 1;
				LastSwiftUpdateCheck = 1300;
				LastUpgradeCheck = 1300;
				TargetAttributes = {
					95A1D7B3285E821400C4561D = {
						CreatedOnToolsVersion = 13.0;
					};
				};
			};
			buildConfigurationList = 95A1D7AF285E821400C4561D /* Build configuration list for PBXProject "VideoGameTracker" */;
			compatibilityVersion = "Xcode 13.0";
			developmentRegion = en;
			hasScannedForEncodings = 0;
			knownRegions = (
				en,
				Base,
			);
			mainGroup = 95A1D7AB285E821400C4561D;
			packageReferences = (
				9534282428665F03000DD6A7 /* XCRemoteSwiftPackageReference "DeviceKit" */,
			);
			productRefGroup = 95A1D7B5285E821400C4561D /* Products */;
			projectDirPath = "";
			projectRoot = "";
			targets = (
				95A1D7B3285E821400C4561D /* VideoGameTracker */,
			);
		};
/* End PBXProject section */

/* Begin PBXResourcesBuildPhase section */
		95A1D7B2285E821400C4561D /* Resources */ = {
			isa = PBXResourcesBuildPhase;
			buildActionMask = 2147483647;
			files = (
				95A1D7C4285E821700C4561D /* LaunchScreen.storyboard in Resources */,
				95EAED7328677FBC00DECC22 /* Assets.xcassets in Resources */,
				95A1D7BF285E821400C4561D /* Main.storyboard in Resources */,
			);
			runOnlyForDeploymentPostprocessing = 0;
		};
/* End PBXResourcesBuildPhase section */

/* Begin PBXSourcesBuildPhase section */
		95A1D7B0285E821400C4561D /* Sources */ = {
			isa = PBXSourcesBuildPhase;
			buildActionMask = 2147483647;
			files = (
				9533A9D32867992600C52CFF /* Constants.swift in Sources */,
				9534282328665125000DD6A7 /* Orientation.swift in Sources */,
				95A1D7BC285E821400C4561D /* ViewController.swift in Sources */,
				95A1D7B8285E821400C4561D /* AppDelegate.swift in Sources */,
				95A1D7BA285E821400C4561D /* SceneDelegate.swift in Sources */,
			);
			runOnlyForDeploymentPostprocessing = 0;
		};
/* End PBXSourcesBuildPhase section */

/* Begin PBXVariantGroup section */
		95A1D7BD285E821400C4561D /* Main.storyboard */ = {
			isa = PBXVariantGroup;
			children = (
				95A1D7BE285E821400C4561D /* Base */,
			);
			name = Main.storyboard;
			sourceTree = "<group>";
		};
		95A1D7C2285E821700C4561D /* LaunchScreen.storyboard */ = {
			isa = PBXVariantGroup;
			children = (
				95A1D7C3285E821700C4561D /* Base */,
			);
			name = LaunchScreen.storyboard;
			sourceTree = "<group>";
		};
/* End PBXVariantGroup section */

/* Begin XCBuildConfiguration section */
		95A1D7C6285E821700C4561D /* Debug */ = {
			isa = XCBuildConfiguration;
			buildSettings = {
				ALWAYS_SEARCH_USER_PATHS = NO;
				CLANG_ANALYZER_NONNULL = YES;
				CLANG_ANALYZER_NUMBER_OBJECT_CONVERSION = YES_AGGRESSIVE;
				CLANG_CXX_LANGUAGE_STANDARD = "gnu++17";
				CLANG_CXX_LIBRARY = "libc++";
				CLANG_ENABLE_MODULES = YES;
				CLANG_ENABLE_OBJC_ARC = YES;
				CLANG_ENABLE_OBJC_WEAK = YES;
				CLANG_WARN_BLOCK_CAPTURE_AUTORELEASING = YES;
				CLANG_WARN_BOOL_CONVERSION = YES;
				CLANG_WARN_COMMA = YES;
				CLANG_WARN_CONSTANT_CONVERSION = YES;
				CLANG_WARN_DEPRECATED_OBJC_IMPLEMENTATIONS = YES;
				CLANG_WARN_DIRECT_OBJC_ISA_USAGE = YES_ERROR;
				CLANG_WARN_DOCUMENTATION_COMMENTS = YES;
				CLANG_WARN_EMPTY_BODY = YES;
				CLANG_WARN_ENUM_CONVERSION = YES;
				CLANG_WARN_INFINITE_RECURSION = YES;
				CLANG_WARN_INT_CONVERSION = YES;
				CLANG_WARN_NON_LITERAL_NULL_CONVERSION = YES;
				CLANG_WARN_OBJC_IMPLICIT_RETAIN_SELF = YES;
				CLANG_WARN_OBJC_LITERAL_CONVERSION = YES;
				CLANG_WARN_OBJC_ROOT_CLASS = YES_ERROR;
				CLANG_WARN_QUOTED_INCLUDE_IN_FRAMEWORK_HEADER = YES;
				CLANG_WARN_RANGE_LOOP_ANALYSIS = YES;
				CLANG_WARN_STRICT_PROTOTYPES = YES;
				CLANG_WARN_SUSPICIOUS_MOVE = YES;
				CLANG_WARN_UNGUARDED_AVAILABILITY = YES_AGGRESSIVE;
				CLANG_WARN_UNREACHABLE_CODE = YES;
				CLANG_WARN__DUPLICATE_METHOD_MATCH = YES;
				COPY_PHASE_STRIP = NO;
				DEBUG_INFORMATION_FORMAT = dwarf;
				ENABLE_STRICT_OBJC_MSGSEND = YES;
				ENABLE_TESTABILITY = YES;
				GCC_C_LANGUAGE_STANDARD = gnu11;
				GCC_DYNAMIC_NO_PIC = NO;
				GCC_NO_COMMON_BLOCKS = YES;
				GCC_OPTIMIZATION_LEVEL = 0;
				GCC_PREPROCESSOR_DEFINITIONS = (
					"DEBUG=1",
					"$(inherited)",
				);
				GCC_WARN_64_TO_32_BIT_CONVERSION = YES;
				GCC_WARN_ABOUT_RETURN_TYPE = YES_ERROR;
				GCC_WARN_UNDECLARED_SELECTOR = YES;
				GCC_WARN_UNINITIALIZED_AUTOS = YES_AGGRESSIVE;
				GCC_WARN_UNUSED_FUNCTION = YES;
				GCC_WARN_UNUSED_VARIABLE = YES;
				IPHONEOS_DEPLOYMENT_TARGET = 15.0;
				MTL_ENABLE_DEBUG_INFO = INCLUDE_SOURCE;
				MTL_FAST_MATH = YES;
				ONLY_ACTIVE_ARCH = YES;
				SDKROOT = iphoneos;
				SWIFT_ACTIVE_COMPILATION_CONDITIONS = DEBUG;
				SWIFT_OPTIMIZATION_LEVEL = "-Onone";
			};
			name = Debug;
		};
		95A1D7C7285E821700C4561D /* Release */ = {
			isa = XCBuildConfiguration;
			buildSettings = {
				ALWAYS_SEARCH_USER_PATHS = NO;
				CLANG_ANALYZER_NONNULL = YES;
				CLANG_ANALYZER_NUMBER_OBJECT_CONVERSION = YES_AGGRESSIVE;
				CLANG_CXX_LANGUAGE_STANDARD = "gnu++17";
				CLANG_CXX_LIBRARY = "libc++";
				CLANG_ENABLE_MODULES = YES;
				CLANG_ENABLE_OBJC_ARC = YES;
				CLANG_ENABLE_OBJC_WEAK = YES;
				CLANG_WARN_BLOCK_CAPTURE_AUTORELEASING = YES;
				CLANG_WARN_BOOL_CONVERSION = YES;
				CLANG_WARN_COMMA = YES;
				CLANG_WARN_CONSTANT_CONVERSION = YES;
				CLANG_WARN_DEPRECATED_OBJC_IMPLEMENTATIONS = YES;
				CLANG_WARN_DIRECT_OBJC_ISA_USAGE = YES_ERROR;
				CLANG_WARN_DOCUMENTATION_COMMENTS = YES;
				CLANG_WARN_EMPTY_BODY = YES;
				CLANG_WARN_ENUM_CONVERSION = YES;
				CLANG_WARN_INFINITE_RECURSION = YES;
				CLANG_WARN_INT_CONVERSION = YES;
				CLANG_WARN_NON_LITERAL_NULL_CONVERSION = YES;
				CLANG_WARN_OBJC_IMPLICIT_RETAIN_SELF = YES;
				CLANG_WARN_OBJC_LITERAL_CONVERSION = YES;
				CLANG_WARN_OBJC_ROOT_CLASS = YES_ERROR;
				CLANG_WARN_QUOTED_INCLUDE_IN_FRAMEWORK_HEADER = YES;
				CLANG_WARN_RANGE_LOOP_ANALYSIS = YES;
				CLANG_WARN_STRICT_PROTOTYPES = YES;
				CLANG_WARN_SUSPICIOUS_MOVE = YES;
				CLANG_WARN_UNGUARDED_AVAILABILITY = YES_AGGRESSIVE;
				CLANG_WARN_UNREACHABLE_CODE = YES;
				CLANG_WARN__DUPLICATE_METHOD_MATCH = YES;
				COPY_PHASE_STRIP = NO;
				DEBUG_INFORMATION_FORMAT = "dwarf-with-dsym";
				ENABLE_NS_ASSERTIONS = NO;
				ENABLE_STRICT_OBJC_MSGSEND = YES;
				GCC_C_LANGUAGE_STANDARD = gnu11;
				GCC_NO_COMMON_BLOCKS = YES;
				GCC_WARN_64_TO_32_BIT_CONVERSION = YES;
				GCC_WARN_ABOUT_RETURN_TYPE = YES_ERROR;
				GCC_WARN_UNDECLARED_SELECTOR = YES;
				GCC_WARN_UNINITIALIZED_AUTOS = YES_AGGRESSIVE;
				GCC_WARN_UNUSED_FUNCTION = YES;
				GCC_WARN_UNUSED_VARIABLE = YES;
				IPHONEOS_DEPLOYMENT_TARGET = 15.0;
				MTL_ENABLE_DEBUG_INFO = NO;
				MTL_FAST_MATH = YES;
				SDKROOT = iphoneos;
				SWIFT_COMPILATION_MODE = wholemodule;
				SWIFT_OPTIMIZATION_LEVEL = "-O";
				VALIDATE_PRODUCT = YES;
			};
			name = Release;
		};
		95A1D7C9285E821700C4561D /* Debug */ = {
			isa = XCBuildConfiguration;
			buildSettings = {
				ASSETCATALOG_COMPILER_APPICON_NAME = AppIcon;
				ASSETCATALOG_COMPILER_GLOBAL_ACCENT_COLOR_NAME = AccentColor;
				CODE_SIGN_STYLE = Automatic;
				CURRENT_PROJECT_VERSION = 1;
				DEVELOPMENT_TEAM = 9769L42W2X;
				GENERATE_INFOPLIST_FILE = YES;
				INFOPLIST_FILE = VideoGameTracker/Info.plist;
				INFOPLIST_KEY_UIApplicationSupportsIndirectInputEvents = YES;
				INFOPLIST_KEY_UILaunchStoryboardName = LaunchScreen;
				INFOPLIST_KEY_UIMainStoryboardFile = Main;
				INFOPLIST_KEY_UISupportedInterfaceOrientations_iPad = "UIInterfaceOrientationPortrait UIInterfaceOrientationPortraitUpsideDown UIInterfaceOrientationLandscapeLeft UIInterfaceOrientationLandscapeRight";
				INFOPLIST_KEY_UISupportedInterfaceOrientations_iPhone = "UIInterfaceOrientationPortrait UIInterfaceOrientationLandscapeLeft UIInterfaceOrientationLandscapeRight UIInterfaceOrientationPortraitUpsideDown";
				LD_RUNPATH_SEARCH_PATHS = (
					"$(inherited)",
					"@executable_path/Frameworks",
				);
				MARKETING_VERSION = 1.0;
				PRODUCT_BUNDLE_IDENTIFIER = com.matthews.VideoGameTracker;
				PRODUCT_NAME = "$(TARGET_NAME)";
				SWIFT_EMIT_LOC_STRINGS = YES;
				SWIFT_VERSION = 5.0;
				TARGETED_DEVICE_FAMILY = "1,2";
			};
			name = Debug;
		};
		95A1D7CA285E821700C4561D /* Release */ = {
			isa = XCBuildConfiguration;
			buildSettings = {
				ASSETCATALOG_COMPILER_APPICON_NAME = AppIcon;
				ASSETCATALOG_COMPILER_GLOBAL_ACCENT_COLOR_NAME = AccentColor;
				CODE_SIGN_STYLE = Automatic;
				CURRENT_PROJECT_VERSION = 1;
				DEVELOPMENT_TEAM = 9769L42W2X;
				GENERATE_INFOPLIST_FILE = YES;
				INFOPLIST_FILE = VideoGameTracker/Info.plist;
				INFOPLIST_KEY_UIApplicationSupportsIndirectInputEvents = YES;
				INFOPLIST_KEY_UILaunchStoryboardName = LaunchScreen;
				INFOPLIST_KEY_UIMainStoryboardFile = Main;
				INFOPLIST_KEY_UISupportedInterfaceOrientations_iPad = "UIInterfaceOrientationPortrait UIInterfaceOrientationPortraitUpsideDown UIInterfaceOrientationLandscapeLeft UIInterfaceOrientationLandscapeRight";
				INFOPLIST_KEY_UISupportedInterfaceOrientations_iPhone = "UIInterfaceOrientationPortrait UIInterfaceOrientationLandscapeLeft UIInterfaceOrientationLandscapeRight UIInterfaceOrientationPortraitUpsideDown";
				LD_RUNPATH_SEARCH_PATHS = (
					"$(inherited)",
					"@executable_path/Frameworks",
				);
				MARKETING_VERSION = 1.0;
				PRODUCT_BUNDLE_IDENTIFIER = com.matthews.VideoGameTracker;
				PRODUCT_NAME = "$(TARGET_NAME)";
				SWIFT_EMIT_LOC_STRINGS = YES;
				SWIFT_VERSION = 5.0;
				TARGETED_DEVICE_FAMILY = "1,2";
			};
			name = Release;
		};
/* End XCBuildConfiguration section */

/* Begin XCConfigurationList section */
		95A1D7AF285E821400C4561D /* Build configuration list for PBXProject "VideoGameTracker" */ = {
			isa = XCConfigurationList;
			buildConfigurations = (
				95A1D7C6285E821700C4561D /* Debug */,
				95A1D7C7285E821700C4561D /* Release */,
			);
			defaultConfigurationIsVisible = 0;
			defaultConfigurationName = Release;
		};
		95A1D7C8285E821700C4561D /* Build configuration list for PBXNativeTarget "VideoGameTracker" */ = {
			isa = XCConfigurationList;
			buildConfigurations = (
				95A1D7C9285E821700C4561D /* Debug */,
				95A1D7CA285E821700C4561D /* Release */,
			);
			defaultConfigurationIsVisible = 0;
			defaultConfigurationName = Release;
		};
/* End XCConfigurationList section */

/* Begin XCRemoteSwiftPackageReference section */
		9534282428665F03000DD6A7 /* XCRemoteSwiftPackageReference "DeviceKit" */ = {
			isa = XCRemoteSwiftPackageReference;
			repositoryURL = "https://github.com/devicekit/DeviceKit.git";
			requirement = {
				kind = upToNextMajorVersion;
				minimumVersion = 4.0.0;
			};
		};
/* End XCRemoteSwiftPackageReference section */

/* Begin XCSwiftPackageProductDependency section */
		9534282528665F03000DD6A7 /* DeviceKit */ = {
			isa = XCSwiftPackageProductDependency;
			package = 9534282428665F03000DD6A7 /* XCRemoteSwiftPackageReference "DeviceKit" */;
			productName = DeviceKit;
		};
/* End XCSwiftPackageProductDependency section */
	};
	rootObject = 95A1D7AC285E821400C4561D /* Project object */;
}
